buf.build/gen/go/rediver/api/connectrpc/go v1.20.0-20260907044745-0c6eca3e360d.1 h1:jSPlxC9tyX4gJxZZ4EJ366LdU9O5L427t5zpRIVQUhE=
buf.build/gen/go/rediver/api/connectrpc/go v1.20.0-20260907044745-0c6eca3e360d.1/go.mod h1:omUw++VlFUu35IaYljJ0YuyR6u4VyvN6tvI1B+kGqWI=
buf.build/gen/go/rediver/api/protocolbuffers/go v1.36.12-20260907044745-0c6eca3e360d.2 h1:eHAGJPbSnbEa1k059m6i+Nh7dj4nljPK3R2Fp5/TdDw=
buf.build/gen/go/rediver/api/protocolbuffers/go v1.36.12-20260907044745-0c6eca3e360d.2/go.mod h1:fRRq4a1Bt8paQk1Ljq/CcgHGiKHy4J2VoR7lLpdsdx0=
connectrpc.com/connect v1.20.0 h1:6TNDAB+WeNd2uolWNlYczB5E0KNNaVMNUEx8JEUsPmQ=
connectrpc.com/connect v1.20.0/go.mod h1:A2ygJrukXwWy32vkCAAHNVguZrqZ+jeZ9rGRnGR4dN4=
github.com/google/go-cmp v0.7.0 h1:wk8382ETsv4JYUZwIsn6YpYiWiBsYLSJiTsyBybVuN8=
github.com/google/go-cmp v0.7.0/go.mod h1:pXiqmnSA92OHEEa9HXL2W4E7lf9JzCmGVUdgjX3N/iU=
golang.org/x/net v0.56.0 h1:Rw8j/hFzGvJUZwNBXnAtf5sVDVt+65SK2C7IxCxZt5o=
golang.org/x/net v0.56.0/go.mod h1:D3Ku6r+V6JROoZK144D2XfMHFcMq/0zSfLelVTCFKec=
golang.org/x/text v0.38.0 h1:sXmwo9DwP3OK9EZ7PqAdaooSGozfl/3a6/xJcbzPRhE=
golang.org/x/text v0.38.0/go.mod h1:YXZt3QhHUKYT53r2lLKFIVi6Ao1jdzrTR/KQ09qyxF4=
google.golang.org/protobuf v1.36.12 h1:pJOKDDOyeXErUroCihFAd5LQuwXBSpVnKGrj5o/fwxc=
google.golang.org/protobuf v1.36.12/go.mod h1:HTf+CrKn2C3g5S8VImy6tdcUvCska2kB7j23XfzDpco=
