buf.build/gen/go/rediver/api/connectrpc/go v1.20.0-20260528023505-49a656ae15ba.1 h1:oVI9oFz0LQLa66sFf4R6JbZ47C4pl15iMJxogbAhaIs=
buf.build/gen/go/rediver/api/connectrpc/go v1.20.0-20260528023505-49a656ae15ba.1/go.mod h1:2ZiVT1ekJX0QDtNPvC/nEl1NragOx10GZYW4hzGbYGk=
buf.build/gen/go/rediver/api/protocolbuffers/go v1.36.11-20260528023505-49a656ae15ba.1 h1:Lu1I8sx8kp1ZYMZzINK6vL4hycGN6cfhizNaGF14F8M=
buf.build/gen/go/rediver/api/protocolbuffers/go v1.36.11-20260528023505-49a656ae15ba.1/go.mod h1:OO5shgW8NunsGQ3ONewyB4dBd4C/8YPciYukTcEwkF4=
connectrpc.com/connect v1.20.0 h1:6TNDAB+WeNd2uolWNlYczB5E0KNNaVMNUEx8JEUsPmQ=
connectrpc.com/connect v1.20.0/go.mod h1:A2ygJrukXwWy32vkCAAHNVguZrqZ+jeZ9rGRnGR4dN4=
github.com/google/go-cmp v0.7.0 h1:wk8382ETsv4JYUZwIsn6YpYiWiBsYLSJiTsyBybVuN8=
github.com/google/go-cmp v0.7.0/go.mod h1:pXiqmnSA92OHEEa9HXL2W4E7lf9JzCmGVUdgjX3N/iU=
github.com/joho/godotenv v1.5.1 h1:7eLL/+HRGLY0ldzfGMeQkb7vMd0as4CfYvUVzLqw0N0=
github.com/joho/godotenv v1.5.1/go.mod h1:f4LDr5Voq0i2e/R5DDNOoa2zzDfwtkZa6DnEwAbqwq4=
google.golang.org/protobuf v1.36.11 h1:fV6ZwhNocDyBLK0dj+fg8ektcVegBBuEolpbTQyBNVE=
google.golang.org/protobuf v1.36.11/go.mod h1:HTf+CrKn2C3g5S8VImy6tdcUvCska2kB7j23XfzDpco=
